
Microsoft Visual Studio Solution File, Format Version 12.00
# Visual Studio 15
VisualStudioVersion = 15.0.28010.2036
MinimumVisualStudioVersion = 10.0.40219.1
Project("{8BC9CEB8-8B4A-11D0-8D11-00A0C91BC942}") = "MyLabelTool", "MyLabelTool\MyLabelTool.vcxproj", "{3D01D84E-C202-44D8-8DF7-5D6910D6A1D7}"
EndProject
Global
	GlobalSection(SolutionConfigurationPlatforms) = preSolution
		Debug|x64 = Debug|x64
		Debug|x86 = Debug|x86
		Release|x64 = Release|x64
		Release|x86 = Release|x86
	EndGlobalSection
	GlobalSection(ProjectConfigurationPlatforms) = postSolution
		{3D01D84E-C202-44D8-8DF7-5D6910D6A1D7}.Debug|x64.ActiveCfg = Debug|x64
		{3D01D84E-C202-44D8-8DF7-5D6910D6A1D7}.Debug|x64.Build.0 = Debug|x64
		{3D01D84E-C202-44D8-8DF7-5D6910D6A1D7}.Debug|x86.ActiveCfg = Debug|Win32
		{3D01D84E-C202-44D8-8DF7-5D6910D6A1D7}.Debug|x86.Build.0 = Debug|Win32
		{3D01D84E-C202-44D8-8DF7-5D6910D6A1D7}.Release|x64.ActiveCfg = Release|x64
		{3D01D84E-C202-44D8-8DF7-5D6910D6A1D7}.Release|x64.Build.0 = Release|x64
		{3D01D84E-C202-44D8-8DF7-5D6910D6A1D7}.Release|x86.ActiveCfg = Release|Win32
		{3D01D84E-C202-44D8-8DF7-5D6910D6A1D7}.Release|x86.Build.0 = Release|Win32
	EndGlobalSection
	GlobalSection(SolutionProperties) = preSolution
		HideSolutionNode = FALSE
	EndGlobalSection
	GlobalSection(ExtensibilityGlobals) = postSolution
		SolutionGuid = {DE617BF3-2625-42ED-AD61-40EE619E3545}
	EndGlobalSection
EndGlobal
